
Microsoft Visual Studio Solution File, Format Version 12.00
# Visual Studio 2013
VisualStudioVersion = 12.0.21005.1
MinimumVisualStudioVersion = 10.0.40219.1
Project("{FAE04EC0-301F-11D3-BF4B-00C04F79EFBC}") = "codingame.skynet.the.virus", "codingame.skynet.the.virus\codingame.skynet.the.virus.csproj", "{9CC0D219-2712-42FF-910C-8EB0DDDA0443}"
EndProject
Project("{FAE04EC0-301F-11D3-BF4B-00C04F79EFBC}") = "codingame.skynet.the.virus.test", "codingame.skynet.the.virus.test\codingame.skynet.the.virus.test.csproj", "{8489A0CE-9CFC-4669-B067-49B4E3D194D0}"
EndProject
Global
	GlobalSection(SolutionConfigurationPlatforms) = preSolution
		Debug|Any CPU = Debug|Any CPU
		Release|Any CPU = Release|Any CPU
	EndGlobalSection
	GlobalSection(ProjectConfigurationPlatforms) = postSolution
		{9CC0D219-2712-42FF-910C-8EB0DDDA0443}.Debug|Any CPU.ActiveCfg = Debug|Any CPU
		{9CC0D219-2712-42FF-910C-8EB0DDDA0443}.Debug|Any CPU.Build.0 = Debug|Any CPU
		{9CC0D219-2712-42FF-910C-8EB0DDDA0443}.Release|Any CPU.ActiveCfg = Release|Any CPU
		{9CC0D219-2712-42FF-910C-8EB0DDDA0443}.Release|Any CPU.Build.0 = Release|Any CPU
		{8489A0CE-9CFC-4669-B067-49B4E3D194D0}.Debug|Any CPU.ActiveCfg = Debug|Any CPU
		{8489A0CE-9CFC-4669-B067-49B4E3D194D0}.Debug|Any CPU.Build.0 = Debug|Any CPU
		{8489A0CE-9CFC-4669-B067-49B4E3D194D0}.Release|Any CPU.ActiveCfg = Release|Any CPU
		{8489A0CE-9CFC-4669-B067-49B4E3D194D0}.Release|Any CPU.Build.0 = Release|Any CPU
	EndGlobalSection
	GlobalSection(SolutionProperties) = preSolution
		HideSolutionNode = FALSE
	EndGlobalSection
EndGlobal
